github.com/bradfitz/slice v0.0.0-20180809154707-2b758aa73013 h1:/P9/RL0xgWE+ehnCUUN5h3RpG3dmoMCOONO1CCvq23Y=
github.com/bradfitz/slice v0.0.0-20180809154707-2b758aa73013/go.mod h1:pccXHIvs3TV/TUqSNyEvF99sxjX2r4FFRIyw6TZY9+w=
go4.org v0.0.0-20191010144846-132d2879e1e9 h1:zHLoVtbywceo2hE4Wqv8CmIufe7jDERQ2KJHZoSDfCU=
go4.org v0.0.0-20191010144846-132d2879e1e9/go.mod h1:MkTOUMDaeVYJUOUsaDXIhWPZYa1yOyC1qaOBpL57BhE=
